
Microsoft Visual Studio Solution File, Format Version 12.00
# Visual Studio Version 16
VisualStudioVersion = 16.0.29424.173
MinimumVisualStudioVersion = 10.0.40219.1
Project("{FAE04EC0-301F-11D3-BF4B-00C04F79EFBC}") = "mdi_form", "mdi_form\mdi_form.csproj", "{D4D26B26-4726-412C-93A2-E4C2549AF7DE}"
EndProject
Global
	GlobalSection(SolutionConfigurationPlatforms) = preSolution
		Debug|Any CPU = Debug|Any CPU
		Release|Any CPU = Release|Any CPU
	EndGlobalSection
	GlobalSection(ProjectConfigurationPlatforms) = postSolution
		{D4D26B26-4726-412C-93A2-E4C2549AF7DE}.Debug|Any CPU.ActiveCfg = Debug|Any CPU
		{D4D26B26-4726-412C-93A2-E4C2549AF7DE}.Debug|Any CPU.Build.0 = Debug|Any CPU
		{D4D26B26-4726-412C-93A2-E4C2549AF7DE}.Release|Any CPU.ActiveCfg = Release|Any CPU
		{D4D26B26-4726-412C-93A2-E4C2549AF7DE}.Release|Any CPU.Build.0 = Release|Any CPU
	EndGlobalSection
	GlobalSection(SolutionProperties) = preSolution
		HideSolutionNode = FALSE
	EndGlobalSection
	GlobalSection(ExtensibilityGlobals) = postSolution
		SolutionGuid = {C2F11988-1FAD-4E2D-B9C8-9FB30A0DA3CE}
	EndGlobalSection
EndGlobal
